// !$*UTF8*$!
{
	archiveVersion = 1;
	classes = {
	};
	objectVersion = 46;
	objects = {

/* Begin PBXBuildFile section */
		7C3E09D3179DA2C00026756D /* Foundation.framework in Frameworks */ = {isa = PBXBuildFile; fileRef = 7C3E09D2179DA2C00026756D /* Foundation.framework */; };
		7C3E09D5179DA2C00026756D /* CoreGraphics.framework in Frameworks */ = {isa = PBXBuildFile; fileRef = 7C3E09D4179DA2C00026756D /* CoreGraphics.framework */; };
		7C3E09D7179DA2C00026756D /* UIKit.framework in Frameworks */ = {isa = PBXBuildFile; fileRef = 7C3E09D6179DA2C00026756D /* UIKit.framework */; };
		7C3E09D9179DA2C00026756D /* SpriteKit.framework in Frameworks */ = {isa = PBXBuildFile; fileRef = 7C3E09D8179DA2C00026756D /* SpriteKit.framework */; };
		7C3E09DF179DA2C00026756D /* InfoPlist.strings in Resources */ = {isa = PBXBuildFile; fileRef = 7C3E09DD179DA2C00026756D /* InfoPlist.strings */; };
		7C3E09E1179DA2C00026756D /* main.m in Sources */ = {isa = PBXBuildFile; fileRef = 7C3E09E0179DA2C00026756D /* main.m */; };
		7C3E09E5179DA2C00026756D /* AppDelegate.m in Sources */ = {isa = PBXBuildFile; fileRef = 7C3E09E4179DA2C00026756D /* AppDelegate.m */; };
		7C3E09E8179DA2C00026756D /* Main.storyboard in Resources */ = {isa = PBXBuildFile; fileRef = 7C3E09E6179DA2C00026756D /* Main.storyboard */; };
		7C3E09EB179DA2C00026756D /* ViewController.m in Sources */ = {isa = PBXBuildFile; fileRef = 7C3E09EA179DA2C00026756D /* ViewController.m */; };
		7C3E09EE179DA2C00026756D /* MyScene.m in Sources */ = {isa = PBXBuildFile; fileRef = 7C3E09ED179DA2C00026756D /* MyScene.m */; };
		7C3E09F0179DA2C00026756D /* Spaceship.png in Resources */ = {isa = PBXBuildFile; fileRef = 7C3E09EF179DA2C00026756D /* Spaceship.png */; };
		7C3E09F2179DA2C00026756D /* Images.xcassets in Resources */ = {isa = PBXBuildFile; fileRef = 7C3E09F1179DA2C00026756D /* Images.xcassets */; };
		7C3E09F9179DA2C00026756D /* XCTest.framework in Frameworks */ = {isa = PBXBuildFile; fileRef = 7C3E09F8179DA2C00026756D /* XCTest.framework */; };
		7C3E09FA179DA2C00026756D /* Foundation.framework in Frameworks */ = {isa = PBXBuildFile; fileRef = 7C3E09D2179DA2C00026756D /* Foundation.framework */; };
		7C3E09FB179DA2C00026756D /* UIKit.framework in Frameworks */ = {isa = PBXBuildFile; fileRef = 7C3E09D6179DA2C00026756D /* UIKit.framework */; };
		7C3E0A03179DA2C00026756D /* InfoPlist.strings in Resources */ = {isa = PBXBuildFile; fileRef = 7C3E0A01179DA2C00026756D /* InfoPlist.strings */; };
		7C3E0A05179DA2C00026756D /* MazeGameFBUTests.m in Sources */ = {isa = PBXBuildFile; fileRef = 7C3E0A04179DA2C00026756D /* MazeGameFBUTests.m */; };
		7C7882BA179DDE6500EA517F /* MazeGrid.m in Sources */ = {isa = PBXBuildFile; fileRef = 7C7882B9179DDE6500EA517F /* MazeGrid.m */; };
		7C7882BD179DECAD00EA517F /* PlainTextMazeParserModel.m in Sources */ = {isa = PBXBuildFile; fileRef = 7C7882BC179DECAD00EA517F /* PlainTextMazeParserModel.m */; };
		7C7882BF179DF52A00EA517F /* 1-1.txt in Resources */ = {isa = PBXBuildFile; fileRef = 7C7882BE179DF52A00EA517F /* 1-1.txt */; };
		7C7882C3179E073300EA517F /* CoreMotion.framework in Frameworks */ = {isa = PBXBuildFile; fileRef = 7C7882C2179E073300EA517F /* CoreMotion.framework */; };
		7CCC2C79179EE45700805717 /* MotionController.m in Sources */ = {isa = PBXBuildFile; fileRef = 7CCC2C78179EE45700805717 /* MotionController.m */; };
/* End PBXBuildFile section */

/* Begin PBXContainerItemProxy section */
		7C3E09FC179DA2C00026756D /* PBXContainerItemProxy */ = {
			isa = PBXContainerItemProxy;
			containerPortal = 7C3E09C7179DA2C00026756D /* Project object */;
			proxyType = 1;
			remoteGlobalIDString = 7C3E09CE179DA2C00026756D;
			remoteInfo = MazeGameFBU;
		};
/* End PBXContainerItemProxy section */

/* Begin PBXFileReference section */
		7C3E09CF179DA2C00026756D /* MazeGameFBU.app */ = {isa = PBXFileReference; explicitFileType = wrapper.application; includeInIndex = 0; path = MazeGameFBU.app; sourceTree = BUILT_PRODUCTS_DIR; };
		7C3E09D2179DA2C00026756D /* Foundation.framework */ = {isa = PBXFileReference; lastKnownFileType = wrapper.framework; name = Foundation.framework; path = System/Library/Frameworks/Foundation.framework; sourceTree = SDKROOT; };
		7C3E09D4179DA2C00026756D /* CoreGraphics.framework */ = {isa = PBXFileReference; lastKnownFileType = wrapper.framework; name = CoreGraphics.framework; path = System/Library/Frameworks/CoreGraphics.framework; sourceTree = SDKROOT; };
		7C3E09D6179DA2C00026756D /* UIKit.framework */ = {isa = PBXFileReference; lastKnownFileType = wrapper.framework; name = UIKit.framework; path = System/Library/Frameworks/UIKit.framework; sourceTree = SDKROOT; };
		7C3E09D8179DA2C00026756D /* SpriteKit.framework */ = {isa = PBXFileReference; lastKnownFileType = wrapper.framework; name = SpriteKit.framework; path = System/Library/Frameworks/SpriteKit.framework; sourceTree = SDKROOT; };
		7C3E09DC179DA2C00026756D /* MazeGameFBU-Info.plist */ = {isa = PBXFileReference; lastKnownFileType = text.plist.xml; path = "MazeGameFBU-Info.plist"; sourceTree = "<group>"; };
		7C3E09DE179DA2C00026756D /* en */ = {isa = PBXFileReference; lastKnownFileType = text.plist.strings; name = en; path = en.lproj/InfoPlist.strings; sourceTree = "<group>"; };
		7C3E09E0179DA2C00026756D /* main.m */ = {isa = PBXFileReference; lastKnownFileType = sourcecode.c.objc; path = main.m; sourceTree = "<group>"; };
		7C3E09E2179DA2C00026756D /* MazeGameFBU-Prefix.pch */ = {isa = PBXFileReference; lastKnownFileType = sourcecode.c.h; path = "MazeGameFBU-Prefix.pch"; sourceTree = "<group>"; };
		7C3E09E3179DA2C00026756D /* AppDelegate.h */ = {isa = PBXFileReference; lastKnownFileType = sourcecode.c.h; path = AppDelegate.h; sourceTree = "<group>"; };
		7C3E09E4179DA2C00026756D /* AppDelegate.m */ = {isa = PBXFileReference; lastKnownFileType = sourcecode.c.objc; path = AppDelegate.m; sourceTree = "<group>"; };
		7C3E09E7179DA2C00026756D /* Base */ = {isa = PBXFileReference; lastKnownFileType = file.storyboard; name = Base; path = Base.lproj/Main.storyboard; sourceTree = "<group>"; };
		7C3E09E9179DA2C00026756D /* ViewController.h */ = {isa = PBXFileReference; lastKnownFileType = sourcecode.c.h; path = ViewController.h; sourceTree = "<group>"; };
		7C3E09EA179DA2C00026756D /* ViewController.m */ = {isa = PBXFileReference; lastKnownFileType = sourcecode.c.objc; path = ViewController.m; sourceTree = "<group>"; };
		7C3E09EC179DA2C00026756D /* MyScene.h */ = {isa = PBXFileReference; lastKnownFileType = sourcecode.c.h; path = MyScene.h; sourceTree = "<group>"; };
		7C3E09ED179DA2C00026756D /* MyScene.m */ = {isa = PBXFileReference; lastKnownFileType = sourcecode.c.objc; path = MyScene.m; sourceTree = "<group>"; };
		7C3E09EF179DA2C00026756D /* Spaceship.png */ = {isa = PBXFileReference; lastKnownFileType = image.png; path = Spaceship.png; sourceTree = "<group>"; };
		7C3E09F1179DA2C00026756D /* Images.xcassets */ = {isa = PBXFileReference; lastKnownFileType = folder.assetcatalog; path = Images.xcassets; sourceTree = "<group>"; };
		7C3E09F7179DA2C00026756D /* MazeGameFBUTests.xctest */ = {isa = PBXFileReference; explicitFileType = wrapper.cfbundle; includeInIndex = 0; path = MazeGameFBUTests.xctest; sourceTree = BUILT_PRODUCTS_DIR; };
		7C3E09F8179DA2C00026756D /* XCTest.framework */ = {isa = PBXFileReference; lastKnownFileType = wrapper.framework; name = XCTest.framework; path = Library/Frameworks/XCTest.framework; sourceTree = DEVELOPER_DIR; };
		7C3E0A00179DA2C00026756D /* MazeGameFBUTests-Info.plist */ = {isa = PBXFileReference; lastKnownFileType = text.plist.xml; path = "MazeGameFBUTests-Info.plist"; sourceTree = "<group>"; };
		7C3E0A02179DA2C00026756D /* en */ = {isa = PBXFileReference; lastKnownFileType = text.plist.strings; name = en; path = en.lproj/InfoPlist.strings; sourceTree = "<group>"; };
		7C3E0A04179DA2C00026756D /* MazeGameFBUTests.m */ = {isa = PBXFileReference; lastKnownFileType = sourcecode.c.objc; path = MazeGameFBUTests.m; sourceTree = "<group>"; };
		7C7882B8179DDE6500EA517F /* MazeGrid.h */ = {isa = PBXFileReference; fileEncoding = 4; lastKnownFileType = sourcecode.c.h; path = MazeGrid.h; sourceTree = "<group>"; };
		7C7882B9179DDE6500EA517F /* MazeGrid.m */ = {isa = PBXFileReference; fileEncoding = 4; lastKnownFileType = sourcecode.c.objc; path = MazeGrid.m; sourceTree = "<group>"; };
		7C7882BB179DECAD00EA517F /* PlainTextMazeParserModel.h */ = {isa = PBXFileReference; fileEncoding = 4; lastKnownFileType = sourcecode.c.h; path = PlainTextMazeParserModel.h; sourceTree = "<group>"; };
		7C7882BC179DECAD00EA517F /* PlainTextMazeParserModel.m */ = {isa = PBXFileReference; fileEncoding = 4; lastKnownFileType = sourcecode.c.objc; path = PlainTextMazeParserModel.m; sourceTree = "<group>"; };
		7C7882BE179DF52A00EA517F /* 1-1.txt */ = {isa = PBXFileReference; fileEncoding = 4; lastKnownFileType = text; path = "1-1.txt"; sourceTree = "<group>"; };
		7C7882C2179E073300EA517F /* CoreMotion.framework */ = {isa = PBXFileReference; lastKnownFileType = wrapper.framework; name = CoreMotion.framework; path = System/Library/Frameworks/CoreMotion.framework; sourceTree = SDKROOT; };
		7CCC2C77179EE45700805717 /* MotionController.h */ = {isa = PBXFileReference; fileEncoding = 4; lastKnownFileType = sourcecode.c.h; path = MotionController.h; sourceTree = "<group>"; };
		7CCC2C78179EE45700805717 /* MotionController.m */ = {isa = PBXFileReference; fileEncoding = 4; lastKnownFileType = sourcecode.c.objc; path = MotionController.m; sourceTree = "<group>"; };
/* End PBXFileReference section */

/* Begin PBXFrameworksBuildPhase section */
		7C3E09CC179DA2C00026756D /* Frameworks */ = {
			isa = PBXFrameworksBuildPhase;
			buildActionMask = 2147483647;
			files = (
				7C7882C3179E073300EA517F /* CoreMotion.framework in Frameworks */,
				7C3E09D5179DA2C00026756D /* CoreGraphics.framework in Frameworks */,
				7C3E09D7179DA2C00026756D /* UIKit.framework in Frameworks */,
				7C3E09D9179DA2C00026756D /* SpriteKit.framework in Frameworks */,
				7C3E09D3179DA2C00026756D /* Foundation.framework in Frameworks */,
			);
			runOnlyForDeploymentPostprocessing = 0;
		};
		7C3E09F4179DA2C00026756D /* Frameworks */ = {
			isa = PBXFrameworksBuildPhase;
			buildActionMask = 2147483647;
			files = (
				7C3E09F9179DA2C00026756D /* XCTest.framework in Frameworks */,
				7C3E09FB179DA2C00026756D /* UIKit.framework in Frameworks */,
				7C3E09FA179DA2C00026756D /* Foundation.framework in Frameworks */,
			);
			runOnlyForDeploymentPostprocessing = 0;
		};
/* End PBXFrameworksBuildPhase section */

/* Begin PBXGroup section */
		7C3E09C6179DA2C00026756D = {
			isa = PBXGroup;
			children = (
				7C3E09DA179DA2C00026756D /* MazeGameFBU */,
				7C3E09FE179DA2C00026756D /* MazeGameFBUTests */,
				7C3E09D1179DA2C00026756D /* Frameworks */,
				7C3E09D0179DA2C00026756D /* Products */,
			);
			sourceTree = "<group>";
		};
		7C3E09D0179DA2C00026756D /* Products */ = {
			isa = PBXGroup;
			children = (
				7C3E09CF179DA2C00026756D /* MazeGameFBU.app */,
				7C3E09F7179DA2C00026756D /* MazeGameFBUTests.xctest */,
			);
			name = Products;
			sourceTree = "<group>";
		};
		7C3E09D1179DA2C00026756D /* Frameworks */ = {
			isa = PBXGroup;
			children = (
				7C7882C2179E073300EA517F /* CoreMotion.framework */,
				7C3E09D2179DA2C00026756D /* Foundation.framework */,
				7C3E09D4179DA2C00026756D /* CoreGraphics.framework */,
				7C3E09D6179DA2C00026756D /* UIKit.framework */,
				7C3E09D8179DA2C00026756D /* SpriteKit.framework */,
				7C3E09F8179DA2C00026756D /* XCTest.framework */,
			);
			name = Frameworks;
			sourceTree = "<group>";
		};
		7C3E09DA179DA2C00026756D /* MazeGameFBU */ = {
			isa = PBXGroup;
			children = (
				7C3E09E3179DA2C00026756D /* AppDelegate.h */,
				7C3E09E4179DA2C00026756D /* AppDelegate.m */,
				7C3E09E6179DA2C00026756D /* Main.storyboard */,
				7C3E09E9179DA2C00026756D /* ViewController.h */,
				7C3E09EA179DA2C00026756D /* ViewController.m */,
				7CCC2C77179EE45700805717 /* MotionController.h */,
				7CCC2C78179EE45700805717 /* MotionController.m */,
				7C3E09EC179DA2C00026756D /* MyScene.h */,
				7C3E09ED179DA2C00026756D /* MyScene.m */,
				7C7882BB179DECAD00EA517F /* PlainTextMazeParserModel.h */,
				7C7882BC179DECAD00EA517F /* PlainTextMazeParserModel.m */,
				7C7882B8179DDE6500EA517F /* MazeGrid.h */,
				7C7882B9179DDE6500EA517F /* MazeGrid.m */,
				7C3E09EF179DA2C00026756D /* Spaceship.png */,
				7C3E09F1179DA2C00026756D /* Images.xcassets */,
				7C3E09DB179DA2C00026756D /* Supporting Files */,
				7C3E0A10179DA6770026756D /* Mazes */,
			);
			path = MazeGameFBU;
			sourceTree = "<group>";
		};
		7C3E09DB179DA2C00026756D /* Supporting Files */ = {
			isa = PBXGroup;
			children = (
				7C3E09DC179DA2C00026756D /* MazeGameFBU-Info.plist */,
				7C3E09DD179DA2C00026756D /* InfoPlist.strings */,
				7C3E09E0179DA2C00026756D /* main.m */,
				7C3E09E2179DA2C00026756D /* MazeGameFBU-Prefix.pch */,
			);
			name = "Supporting Files";
			sourceTree = "<group>";
		};
		7C3E09FE179DA2C00026756D /* MazeGameFBUTests */ = {
			isa = PBXGroup;
			children = (
				7C3E0A04179DA2C00026756D /* MazeGameFBUTests.m */,
				7C3E09FF179DA2C00026756D /* Supporting Files */,
			);
			path = MazeGameFBUTests;
			sourceTree = "<group>";
		};
		7C3E09FF179DA2C00026756D /* Supporting Files */ = {
			isa = PBXGroup;
			children = (
				7C3E0A00179DA2C00026756D /* MazeGameFBUTests-Info.plist */,
				7C3E0A01179DA2C00026756D /* InfoPlist.strings */,
			);
			name = "Supporting Files";
			sourceTree = "<group>";
		};
		7C3E0A10179DA6770026756D /* Mazes */ = {
			isa = PBXGroup;
			children = (
				7C7882BE179DF52A00EA517F /* 1-1.txt */,
			);
			name = Mazes;
			sourceTree = "<group>";
		};
/* End PBXGroup section */

/* Begin PBXNativeTarget section */
		7C3E09CE179DA2C00026756D /* MazeGameFBU */ = {
			isa = PBXNativeTarget;
			buildConfigurationList = 7C3E0A08179DA2C00026756D /* Build configuration list for PBXNativeTarget "MazeGameFBU" */;
			buildPhases = (
				7C3E09CB179DA2C00026756D /* Sources */,
				7C3E09CC179DA2C00026756D /* Frameworks */,
				7C3E09CD179DA2C00026756D /* Resources */,
			);
			buildRules = (
			);
			dependencies = (
			);
			name = MazeGameFBU;
			productName = MazeGameFBU;
			productReference = 7C3E09CF179DA2C00026756D /* MazeGameFBU.app */;
			productType = "com.apple.product-type.application";
		};
		7C3E09F6179DA2C00026756D /* MazeGameFBUTests */ = {
			isa = PBXNativeTarget;
			buildConfigurationList = 7C3E0A0B179DA2C00026756D /* Build configuration list for PBXNativeTarget "MazeGameFBUTests" */;
			buildPhases = (
				7C3E09F3179DA2C00026756D /* Sources */,
				7C3E09F4179DA2C00026756D /* Frameworks */,
				7C3E09F5179DA2C00026756D /* Resources */,
			);
			buildRules = (
			);
			dependencies = (
				7C3E09FD179DA2C00026756D /* PBXTargetDependency */,
			);
			name = MazeGameFBUTests;
			productName = MazeGameFBUTests;
			productReference = 7C3E09F7179DA2C00026756D /* MazeGameFBUTests.xctest */;
			productType = "com.apple.product-type.bundle.unit-test";
		};
/* End PBXNativeTarget section */

/* Begin PBXProject section */
		7C3E09C7179DA2C00026756D /* Project object */ = {
			isa = PBXProject;
			attributes = {
				LastUpgradeCheck = 0500;
				ORGANIZATIONNAME = "Aleks Kamko";
				TargetAttributes = {
					7C3E09F6179DA2C00026756D = {
						TestTargetID = 7C3E09CE179DA2C00026756D;
					};
				};
			};
			buildConfigurationList = 7C3E09CA179DA2C00026756D /* Build configuration list for PBXProject "MazeGameFBU" */;
			compatibilityVersion = "Xcode 3.2";
			developmentRegion = English;
			hasScannedForEncodings = 0;
			knownRegions = (
				en,
				Base,
			);
			mainGroup = 7C3E09C6179DA2C00026756D;
			productRefGroup = 7C3E09D0179DA2C00026756D /* Products */;
			projectDirPath = "";
			projectRoot = "";
			targets = (
				7C3E09CE179DA2C00026756D /* MazeGameFBU */,
				7C3E09F6179DA2C00026756D /* MazeGameFBUTests */,
			);
		};
/* End PBXProject section */

/* Begin PBXResourcesBuildPhase section */
		7C3E09CD179DA2C00026756D /* Resources */ = {
			isa = PBXResourcesBuildPhase;
			buildActionMask = 2147483647;
			files = (
				7C3E09DF179DA2C00026756D /* InfoPlist.strings in Resources */,
				7C3E09F2179DA2C00026756D /* Images.xcassets in Resources */,
				7C3E09F0179DA2C00026756D /* Spaceship.png in Resources */,
				7C7882BF179DF52A00EA517F /* 1-1.txt in Resources */,
				7C3E09E8179DA2C00026756D /* Main.storyboard in Resources */,
			);
			runOnlyForDeploymentPostprocessing = 0;
		};
		7C3E09F5179DA2C00026756D /* Resources */ = {
			isa = PBXResourcesBuildPhase;
			buildActionMask = 2147483647;
			files = (
				7C3E0A03179DA2C00026756D /* InfoPlist.strings in Resources */,
			);
			runOnlyForDeploymentPostprocessing = 0;
		};
/* End PBXResourcesBuildPhase section */

/* Begin PBXSourcesBuildPhase section */
		7C3E09CB179DA2C00026756D /* Sources */ = {
			isa = PBXSourcesBuildPhase;
			buildActionMask = 2147483647;
			files = (
				7C3E09EE179DA2C00026756D /* MyScene.m in Sources */,
				7C3E09EB179DA2C00026756D /* ViewController.m in Sources */,
				7C3E09E5179DA2C00026756D /* AppDelegate.m in Sources */,
				7C3E09E1179DA2C00026756D /* main.m in Sources */,
				7C7882BA179DDE6500EA517F /* MazeGrid.m in Sources */,
				7C7882BD179DECAD00EA517F /* PlainTextMazeParserModel.m in Sources */,
				7CCC2C79179EE45700805717 /* MotionController.m in Sources */,
			);
			runOnlyForDeploymentPostprocessing = 0;
		};
		7C3E09F3179DA2C00026756D /* Sources */ = {
			isa = PBXSourcesBuildPhase;
			buildActionMask = 2147483647;
			files = (
				7C3E0A05179DA2C00026756D /* MazeGameFBUTests.m in Sources */,
			);
			runOnlyForDeploymentPostprocessing = 0;
		};
/* End PBXSourcesBuildPhase section */

/* Begin PBXTargetDependency section */
		7C3E09FD179DA2C00026756D /* PBXTargetDependency */ = {
			isa = PBXTargetDependency;
			target = 7C3E09CE179DA2C00026756D /* MazeGameFBU */;
			targetProxy = 7C3E09FC179DA2C00026756D /* PBXContainerItemProxy */;
		};
/* End PBXTargetDependency section */

/* Begin PBXVariantGroup section */
		7C3E09DD179DA2C00026756D /* InfoPlist.strings */ = {
			isa = PBXVariantGroup;
			children = (
				7C3E09DE179DA2C00026756D /* en */,
			);
			name = InfoPlist.strings;
			sourceTree = "<group>";
		};
		7C3E09E6179DA2C00026756D /* Main.storyboard */ = {
			isa = PBXVariantGroup;
			children = (
				7C3E09E7179DA2C00026756D /* Base */,
			);
			name = Main.storyboard;
			sourceTree = "<group>";
		};
		7C3E0A01179DA2C00026756D /* InfoPlist.strings */ = {
			isa = PBXVariantGroup;
			children = (
				7C3E0A02179DA2C00026756D /* en */,
			);
			name = InfoPlist.strings;
			sourceTree = "<group>";
		};
/* End PBXVariantGroup section */

/* Begin XCBuildConfiguration section */
		7C3E0A06179DA2C00026756D /* Debug */ = {
			isa = XCBuildConfiguration;
			buildSettings = {
				ALWAYS_SEARCH_USER_PATHS = NO;
				CLANG_CXX_LANGUAGE_STANDARD = "gnu++0x";
				CLANG_CXX_LIBRARY = "libc++";
				CLANG_ENABLE_MODULES = YES;
				CLANG_ENABLE_OBJC_ARC = YES;
				CLANG_WARN_BOOL_CONVERSION = YES;
				CLANG_WARN_CONSTANT_CONVERSION = YES;
				CLANG_WARN_DIRECT_OBJC_ISA_USAGE = YES_ERROR;
				CLANG_WARN_EMPTY_BODY = YES;
				CLANG_WARN_ENUM_CONVERSION = YES;
				CLANG_WARN_INT_CONVERSION = YES;
				CLANG_WARN_OBJC_ROOT_CLASS = YES_ERROR;
				CLANG_WARN__DUPLICATE_METHOD_MATCH = YES;
				"CODE_SIGN_IDENTITY[sdk=iphoneos*]" = "iPhone Developer";
				COPY_PHASE_STRIP = NO;
				GCC_C_LANGUAGE_STANDARD = gnu99;
				GCC_DYNAMIC_NO_PIC = NO;
				GCC_OPTIMIZATION_LEVEL = 0;
				GCC_PREPROCESSOR_DEFINITIONS = (
					"DEBUG=1",
					"$(inherited)",
				);
				GCC_SYMBOLS_PRIVATE_EXTERN = NO;
				GCC_WARN_ABOUT_RETURN_TYPE = YES_ERROR;
				GCC_WARN_UNDECLARED_SELECTOR = YES;
				GCC_WARN_UNINITIALIZED_AUTOS = YES;
				GCC_WARN_UNUSED_FUNCTION = YES;
				GCC_WARN_UNUSED_VARIABLE = YES;
				IPHONEOS_DEPLOYMENT_TARGET = 7.0;
				ONLY_ACTIVE_ARCH = YES;
				SDKROOT = iphoneos;
			};
			name = Debug;
		};
		7C3E0A07179DA2C00026756D /* Release */ = {
			isa = XCBuildConfiguration;
			buildSettings = {
				ALWAYS_SEARCH_USER_PATHS = NO;
				CLANG_CXX_LANGUAGE_STANDARD = "gnu++0x";
				CLANG_CXX_LIBRARY = "libc++";
				CLANG_ENABLE_MODULES = YES;
				CLANG_ENABLE_OBJC_ARC = YES;
				CLANG_WARN_BOOL_CONVERSION = YES;
				CLANG_WARN_CONSTANT_CONVERSION = YES;
				CLANG_WARN_DIRECT_OBJC_ISA_USAGE = YES_ERROR;
				CLANG_WARN_EMPTY_BODY = YES;
				CLANG_WARN_ENUM_CONVERSION = YES;
				CLANG_WARN_INT_CONVERSION = YES;
				CLANG_WARN_OBJC_ROOT_CLASS = YES_ERROR;
				CLANG_WARN__DUPLICATE_METHOD_MATCH = YES;
				"CODE_SIGN_IDENTITY[sdk=iphoneos*]" = "iPhone Developer";
				COPY_PHASE_STRIP = YES;
				ENABLE_NS_ASSERTIONS = NO;
				GCC_C_LANGUAGE_STANDARD = gnu99;
				GCC_WARN_ABOUT_RETURN_TYPE = YES_ERROR;
				GCC_WARN_UNDECLARED_SELECTOR = YES;
				GCC_WARN_UNINITIALIZED_AUTOS = YES;
				GCC_WARN_UNUSED_FUNCTION = YES;
				GCC_WARN_UNUSED_VARIABLE = YES;
				IPHONEOS_DEPLOYMENT_TARGET = 7.0;
				SDKROOT = iphoneos;
				VALIDATE_PRODUCT = YES;
			};
			name = Release;
		};
		7C3E0A09179DA2C00026756D /* Debug */ = {
			isa = XCBuildConfiguration;
			buildSettings = {
				ASSETCATALOG_COMPILER_APPICON_NAME = AppIcon;
				ASSETCATALOG_COMPILER_LAUNCHIMAGE_NAME = LaunchImage;
				GCC_PRECOMPILE_PREFIX_HEADER = YES;
				GCC_PREFIX_HEADER = "MazeGameFBU/MazeGameFBU-Prefix.pch";
				INFOPLIST_FILE = "MazeGameFBU/MazeGameFBU-Info.plist";
				PRODUCT_NAME = "$(TARGET_NAME)";
				SPRITEKIT_TEXTURE_ATLAS_OUTPUT = YES;
				WRAPPER_EXTENSION = app;
			};
			name = Debug;
		};
		7C3E0A0A179DA2C00026756D /* Release */ = {
			isa = XCBuildConfiguration;
			buildSettings = {
				ASSETCATALOG_COMPILER_APPICON_NAME = AppIcon;
				ASSETCATALOG_COMPILER_LAUNCHIMAGE_NAME = LaunchImage;
				GCC_PRECOMPILE_PREFIX_HEADER = YES;
				GCC_PREFIX_HEADER = "MazeGameFBU/MazeGameFBU-Prefix.pch";
				INFOPLIST_FILE = "MazeGameFBU/MazeGameFBU-Info.plist";
				PRODUCT_NAME = "$(TARGET_NAME)";
				SPRITEKIT_TEXTURE_ATLAS_OUTPUT = YES;
				WRAPPER_EXTENSION = app;
			};
			name = Release;
		};
		7C3E0A0C179DA2C00026756D /* Debug */ = {
			isa = XCBuildConfiguration;
			buildSettings = {
				BUNDLE_LOADER = "$(BUILT_PRODUCTS_DIR)/MazeGameFBU.app/MazeGameFBU";
				FRAMEWORK_SEARCH_PATHS = (
					"$(SDKROOT)/Developer/Library/Frameworks",
					"$(inherited)",
					"$(SYSTEM_APPS_DIR)/Xcode5-DP3.app/Contents/Developer/Library/Frameworks",
				);
				GCC_PRECOMPILE_PREFIX_HEADER = YES;
				GCC_PREFIX_HEADER = "MazeGameFBU/MazeGameFBU-Prefix.pch";
				GCC_PREPROCESSOR_DEFINITIONS = (
					"DEBUG=1",
					"$(inherited)",
				);
				INFOPLIST_FILE = "MazeGameFBUTests/MazeGameFBUTests-Info.plist";
				PRODUCT_NAME = "$(TARGET_NAME)";
				TEST_HOST = "$(BUNDLE_LOADER)";
				WRAPPER_EXTENSION = xctest;
			};
			name = Debug;
		};
		7C3E0A0D179DA2C00026756D /* Release */ = {
			isa = XCBuildConfiguration;
			buildSettings = {
				BUNDLE_LOADER = "$(BUILT_PRODUCTS_DIR)/MazeGameFBU.app/MazeGameFBU";
				FRAMEWORK_SEARCH_PATHS = (
					"$(SDKROOT)/Developer/Library/Frameworks",
					"$(inherited)",
					"$(SYSTEM_APPS_DIR)/Xcode5-DP3.app/Contents/Developer/Library/Frameworks",
				);
				GCC_PRECOMPILE_PREFIX_HEADER = YES;
				GCC_PREFIX_HEADER = "MazeGameFBU/MazeGameFBU-Prefix.pch";
				INFOPLIST_FILE = "MazeGameFBUTests/MazeGameFBUTests-Info.plist";
				PRODUCT_NAME = "$(TARGET_NAME)";
				TEST_HOST = "$(BUNDLE_LOADER)";
				WRAPPER_EXTENSION = xctest;
			};
			name = Release;
		};
/* End XCBuildConfiguration section */

/* Begin XCConfigurationList section */
		7C3E09CA179DA2C00026756D /* Build configuration list for PBXProject "MazeGameFBU" */ = {
			isa = XCConfigurationList;
			buildConfigurations = (
				7C3E0A06179DA2C00026756D /* Debug */,
				7C3E0A07179DA2C00026756D /* Release */,
			);
			defaultConfigurationIsVisible = 0;
			defaultConfigurationName = Release;
		};
		7C3E0A08179DA2C00026756D /* Build configuration list for PBXNativeTarget "MazeGameFBU" */ = {
			isa = XCConfigurationList;
			buildConfigurations = (
				7C3E0A09179DA2C00026756D /* Debug */,
				7C3E0A0A179DA2C00026756D /* Release */,
			);
			defaultConfigurationIsVisible = 0;
			defaultConfigurationName = Release;
		};
		7C3E0A0B179DA2C00026756D /* Build configuration list for PBXNativeTarget "MazeGameFBUTests" */ = {
			isa = XCConfigurationList;
			buildConfigurations = (
				7C3E0A0C179DA2C00026756D /* Debug */,
				7C3E0A0D179DA2C00026756D /* Release */,
			);
			defaultConfigurationIsVisible = 0;
			defaultConfigurationName = Release;
		};
/* End XCConfigurationList section */
	};
	rootObject = 7C3E09C7179DA2C00026756D /* Project object */;
}
